
Microsoft Visual Studio Solution File, Format Version 12.00
# Visual Studio 14
VisualStudioVersion = 14.0.25420.1
MinimumVisualStudioVersion = 10.0.40219.1
Project("{FAE04EC0-301F-11D3-BF4B-00C04F79EFBC}") = "Logic", "Logic\Logic.csproj", "{0464FE71-9A13-46A0-B244-EF0A1C490D41}"
EndProject
Project("{FAE04EC0-301F-11D3-BF4B-00C04F79EFBC}") = "Logic.NUnitTests", "Logic.NUnitTests\Logic.NUnitTests.csproj", "{6EB91F27-D189-422A-9123-CECA9BACAD4A}"
EndProject
Global
	GlobalSection(SolutionConfigurationPlatforms) = preSolution
		Debug|Any CPU = Debug|Any CPU
		Release|Any CPU = Release|Any CPU
	EndGlobalSection
	GlobalSection(ProjectConfigurationPlatforms) = postSolution
		{0464FE71-9A13-46A0-B244-EF0A1C490D41}.Debug|Any CPU.ActiveCfg = Debug|Any CPU
		{0464FE71-9A13-46A0-B244-EF0A1C490D41}.Debug|Any CPU.Build.0 = Debug|Any CPU
		{0464FE71-9A13-46A0-B244-EF0A1C490D41}.Release|Any CPU.ActiveCfg = Release|Any CPU
		{0464FE71-9A13-46A0-B244-EF0A1C490D41}.Release|Any CPU.Build.0 = Release|Any CPU
		{6EB91F27-D189-422A-9123-CECA9BACAD4A}.Debug|Any CPU.ActiveCfg = Debug|Any CPU
		{6EB91F27-D189-422A-9123-CECA9BACAD4A}.Debug|Any CPU.Build.0 = Debug|Any CPU
		{6EB91F27-D189-422A-9123-CECA9BACAD4A}.Release|Any CPU.ActiveCfg = Release|Any CPU
		{6EB91F27-D189-422A-9123-CECA9BACAD4A}.Release|Any CPU.Build.0 = Release|Any CPU
	EndGlobalSection
	GlobalSection(SolutionProperties) = preSolution
		HideSolutionNode = FALSE
	EndGlobalSection
EndGlobal
